{
  "version": 4,
  "terraform_version": "1.12.2",
  "serial": 4,
  "lineage": "e27697cf-8b72-5f72-be39-50af970900ad",
  "outputs": {},
  "resources": [
    {
      "mode": "managed",
      "type": "aws_autoscaling_group",
      "name": "app",
      "provider": "provider[\"registry.terraform.io/hashicorp/aws\"]",
      "instances": [
        {
          "schema_version": 1,
          "attributes": {
            "capacity_rebalance": null,
            "context": null,
            "default_instance_warmup": null,
            "desired_capacity": 3,
            "desired_capacity_type": null,
            "enabled_metrics": null,
            "force_delete": false,
            "force_delete_warm_pool": false,
            "health_check_grace_period": 300,
            "health_check_type": "ELB",
            "ignore_failed_scaling_activities": false,
            "initial_lifecycle_hook": [],
            "instance_maintenance_policy": [],
            "instance_refresh": [],
            "launch_configuration": null,
            "launch_template": [
              {
                "id": "lt-00a34abaf6931e18f",
                "name": "",
                "version": "$Latest"
              }
            ],
            "max_instance_lifetime": null,
            "max_size": 6,
            "metrics_granularity": "1Minute",
            "min_elb_capacity": null,
            "min_size": 3,
            "name": "acme-prod-app",
            "placement_group": null,
            "protect_from_scale_in": false,
            "suspended_processes": null,
            "tag": [
              {
                "key": "Name",
                "propagate_at_launch": true,
                "value": "acme-prod-app"
              }
            ],
            "termination_policies": null,
            "timeouts": null,
            "wait_for_capacity_timeout": "10m",
            "wait_for_elb_capacity": null,
            "warm_pool": [],
            "id": "acme-prod-app",
            "arn": "arn:aws:autoscaling:us-east-1:000000000000:autoScalingGroup:ea977bc5:autoScalingGroupName/acme-prod-app",
            "availability_zone_distribution": [],
            "capacity_reservation_specification": [],
            "mixed_instances_policy": [],
            "traffic_source": [],
            "availability_zones": [],
            "load_balancers": [],
            "target_group_arns": [
              "arn:aws:elasticloadbalancing:us-east-1:000000000000:targetgroup/acme-prod-app/d86c92e87a84b887"
            ],
            "vpc_zone_identifier": [
              "subnet-0261872bc18fc486d",
              "subnet-086d5f2f5ccda55ac"
            ]
          },
          "sensitive_attributes": []
        }
      ]
    },
    {
      "mode": "managed",
      "type": "aws_db_instance",
      "name": "main",
      "provider": "provider[\"registry.terraform.io/hashicorp/aws\"]",
      "instances": [
        {
          "schema_version": 2,
          "attributes": {
            "allocated_storage": 100,
            "allow_major_version_upgrade": null,
            "apply_immediately": false,
            "auto_minor_version_upgrade": true,
            "backup_retention_period": 7,
            "blue_green_update": [],
            "copy_tags_to_snapshot": false,
            "custom_iam_instance_profile": null,
            "customer_owned_ip_enabled": null,
            "db_name": "appdb",
            "db_subnet_group_name": "acme-prod-db",
            "dedicated_log_volume": false,
            "delete_automated_backups": true,
            "deletion_protection": null,
            "domain": null,
            "domain_auth_secret_arn": null,
            "domain_dns_ips": null,
            "domain_iam_role_name": null,
            "domain_ou": null,
            "enabled_cloudwatch_logs_exports": null,
            "engine": "postgres",
            "engine_version": "16.3",
            "final_snapshot_identifier": "acme-prod-db-final",
            "iam_database_authentication_enabled": null,
            "identifier": "acme-prod-db",
            "instance_class": "db.t3.medium",
            "manage_master_user_password": true,
            "max_allocated_storage": null,
            "monitoring_interval": 0,
            "multi_az": true,
            "password": null,
            "password_wo": null,
            "password_wo_version": null,
            "performance_insights_enabled": false,
            "publicly_accessible": false,
            "replicate_source_db": null,
            "restore_to_point_in_time": [],
            "s3_import": [],
            "skip_final_snapshot": false,
            "storage_encrypted": false,
            "storage_type": "gp3",
            "tags": {
              "Name": "acme-prod-db"
            },
            "tags_all": {
              "Name": "acme-prod-db"
            },
            "timeouts": null,
            "upgrade_storage_config": null,
            "username": "appuser",
            "id": "acme-prod-db",
            "arn": "arn:aws:rds:us-east-1:000000000000:db:acme-prod-db",
            "listener_endpoint": [],
            "master_user_secret": [],
            "replicas": [],
            "vpc_security_group_ids": [
              "sg-05dff8a3790b9c8bd"
            ]
          },
          "sensitive_attributes": []
        }
      ]
    },
    {
      "mode": "managed",
      "type": "aws_db_subnet_group",
      "name": "main",
      "provider": "provider[\"registry.terraform.io/hashicorp/aws\"]",
      "instances": [
        {
          "schema_version": 0,
          "attributes": {
            "description": "Managed by Terraform",
            "name": "acme-prod-db",
            "tags": null,
            "id": "acme-prod-db",
            "arn": "arn:aws:rds:us-east-1:000000000000:subgrp:acme-prod-db",
            "tags_all": {},
            "subnet_ids": [
              "subnet-0261872bc18fc486d",
              "subnet-086d5f2f5ccda55ac"
            ],
            "supported_network_types": []
          },
          "sensitive_attributes": []
        }
      ]
    },
    {
      "mode": "managed",
      "type": "aws_eip",
      "name": "nat",
      "provider": "provider[\"registry.terraform.io/hashicorp/aws\"]",
      "instances": [
        {
          "schema_version": 0,
          "attributes": {
            "address": null,
            "associate_with_private_ip": null,
            "customer_owned_ipv4_pool": null,
            "domain": "vpc",
            "tags": {
              "Name": "acme-prod-nat"
            },
            "tags_all": {
              "Name": "acme-prod-nat"
            },
            "timeouts": null,
            "id": "eipalloc-01e4ac19a629f1b84"
          },
          "sensitive_attributes": []
        }
      ]
    },
    {
      "mode": "managed",
      "type": "aws_iam_instance_profile",
      "name": "app",
      "provider": "provider[\"registry.terraform.io/hashicorp/aws\"]",
      "instances": [
        {
          "schema_version": 0,
          "attributes": {
            "name": "acme-prod-app",
            "path": "/",
            "role": "acme-prod-app",
            "tags": null,
            "id": "acme-prod-app",
            "arn": "arn:aws:iam::000000000000:instance-profile/acme-prod-app",
            "tags_all": {}
          },
          "sensitive_attributes": []
        }
      ]
    },
    {
      "mode": "managed",
      "type": "aws_iam_role",
      "name": "app",
      "provider": "provider[\"registry.terraform.io/hashicorp/aws\"]",
      "instances": [
        {
          "schema_version": 0,
          "attributes": {
            "assume_role_policy": "{\"Statement\":[{\"Action\":\"sts:AssumeRole\",\"Effect\":\"Allow\",\"Principal\":{\"Service\":\"ec2.amazonaws.com\"}}],\"Version\":\"2012-10-17\"}",
            "description": null,
            "force_detach_policies": false,
            "max_session_duration": 3600,
            "name": "acme-prod-app",
            "path": "/",
            "permissions_boundary": null,
            "tags": {
              "Name": "acme-prod-app"
            },
            "tags_all": {
              "Name": "acme-prod-app"
            },
            "id": "acme-prod-app",
            "arn": "arn:aws:iam::000000000000:role/acme-prod-app",
            "inline_policy": [],
            "managed_policy_arns": []
          },
          "sensitive_attributes": []
        }
      ]
    },
    {
      "mode": "managed",
      "type": "aws_iam_role_policy",
      "name": "app_data",
      "provider": "provider[\"registry.terraform.io/hashicorp/aws\"]",
      "instances": [
        {
          "schema_version": 0,
          "attributes": {
            "name": "acme-prod-app-data",
            "policy": "{\"Version\":\"2012-10-17\",\"Statement\":[{\"Action\":[\"s3:GetObject\",\"s3:PutObject\",\"s3:ListBucket\"],\"Effect\":\"Allow\",\"Resource\":[\"arn:aws:s3:::acme-prod-data\",\"arn:aws:s3:::acme-prod-data/*\"]}]}",
            "id": "fixture:acme-prod-app-data",
            "role": "acme-prod-app",
            "name_prefix": ""
          },
          "sensitive_attributes": []
        }
      ]
    },
    {
      "mode": "managed",
      "type": "aws_internet_gateway",
      "name": "main",
      "provider": "provider[\"registry.terraform.io/hashicorp/aws\"]",
      "instances": [
        {
          "schema_version": 0,
          "attributes": {
            "tags": {
              "Name": "acme-prod-igw"
            },
            "tags_all": {
              "Name": "acme-prod-igw"
            },
            "timeouts": null,
            "id": "igw-079eb152af17cba2d",
            "arn": "arn:aws:fixture:us-east-1:000000000000:aws_internet_gateway/main",
            "vpc_id": "vpc-0ec67d780682f42d7"
          },
          "sensitive_attributes": []
        }
      ]
    },
    {
      "mode": "managed",
      "type": "aws_launch_template",
      "name": "app",
      "provider": "provider[\"registry.terraform.io/hashicorp/aws\"]",
      "instances": [
        {
          "schema_version": 0,
          "attributes": {
            "block_device_mappings": [],
            "capacity_reservation_specification": [],
            "cpu_options": [],
            "credit_specification": [],
            "description": null,
            "disable_api_stop": null,
            "disable_api_termination": null,
            "ebs_optimized": null,
            "elastic_gpu_specifications": [],
            "elastic_inference_accelerator": [],
            "enclave_options": [],
            "hibernation_options": [],
            "iam_instance_profile": [],
            "image_id": "ami-0fixture00000000",
            "instance_initiated_shutdown_behavior": null,
            "instance_market_options": [],
            "instance_requirements": [],
            "instance_type": "t3.small",
            "kernel_id": null,
            "key_name": null,
            "license_specification": [],
            "maintenance_options": [],
            "metadata_options": [
              {
                "http_endpoint": "",
                "http_protocol_ipv6": "",
                "http_put_response_hop_limit": 0,
                "http_tokens": "required",
                "instance_metadata_tags": ""
              }
            ],
            "monitoring": [],
            "name_prefix": "acme-prod-app-",
            "network_interfaces": [],
            "placement": [],
            "private_dns_name_options": [],
            "ram_disk_id": null,
            "security_group_names": null,
            "tag_specifications": [
              {
                "resource_type": "instance",
                "tags": {
                  "Name": "acme-prod-app"
                }
              }
            ],
            "tags": null,
            "update_default_version": null,
            "user_data": null,
            "id": "lt-00a34abaf6931e18f",
            "arn": "arn:aws:ec2:us-east-1:000000000000:launch-template/lt-00a34abaf6931e18f",
            "tags_all": {},
            "latest_version": 0,
            "vpc_security_group_ids": [
              "sg-0f4e14e106d7ef990"
            ]
          },
          "sensitive_attributes": []
        }
      ]
    },
    {
      "mode": "managed",
      "type": "aws_lb",
      "name": "main",
      "provider": "provider[\"registry.terraform.io/hashicorp/aws\"]",
      "instances": [
        {
          "schema_version": 0,
          "attributes": {
            "access_logs": [],
            "client_keep_alive": 3600,
            "connection_logs": [],
            "customer_owned_ipv4_pool": null,
            "desync_mitigation_mode": "defensive",
            "dns_record_client_routing_policy": null,
            "drop_invalid_header_fields": false,
            "enable_cross_zone_load_balancing": null,
            "enable_deletion_protection": true,
            "enable_http2": true,
            "enable_tls_version_and_cipher_suite_headers": false,
            "enable_waf_fail_open": false,
            "enable_xff_client_port": false,
            "enable_zonal_shift": false,
            "idle_timeout": 60,
            "ipam_pools": [],
            "load_balancer_type": "application",
            "minimum_load_balancer_capacity": [],
            "name": "acme-prod-alb",
            "preserve_host_header": false,
            "tags": {
              "Name": "acme-prod-alb"
            },
            "tags_all": {
              "Name": "acme-prod-alb"
            },
            "timeouts": null,
            "xff_header_processing_mode": "append",
            "id": "arn:aws:elasticloadbalancing:us-east-1:000000000000:loadbalancer/app/acme-prod-alb/7a8b416fe7fdac32",
            "arn": "arn:aws:elasticloadbalancing:us-east-1:000000000000:loadbalancer/app/acme-prod-alb/7a8b416fe7fdac32",
            "subnet_mapping": [],
            "security_groups": [
              "sg-01d5b59135d60c2bc"
            ],
            "subnets": [
              "subnet-0981a8048da6b928d",
              "subnet-0b1dff032dab114d7"
            ]
          },
          "sensitive_attributes": []
        }
      ]
    },
    {
      "mode": "managed",
      "type": "aws_lb_listener",
      "name": "https",
      "provider": "provider[\"registry.terraform.io/hashicorp/aws\"]",
      "instances": [
        {
          "schema_version": 0,
          "attributes": {
            "alpn_policy": null,
            "certificate_arn": "arn:aws:acm:us-east-1:000000000000:certificate/fixture",
            "default_action": [
              {
                "authenticate_cognito": [],
                "authenticate_oidc": [],
                "fixed_response": [],
                "forward": [],
                "order": 0,
                "redirect": [],
                "target_group_arn": "arn:aws:elasticloadbalancing:us-east-1:000000000000:targetgroup/acme-prod-app/d86c92e87a84b887",
                "type": "forward"
              }
            ],
            "port": 443,
            "protocol": "HTTPS",
            "ssl_policy": "ELBSecurityPolicy-TLS13-1-2-2021-06",
            "tags": null,
            "timeouts": null,
            "id": "arn:aws:elasticloadbalancing:us-east-1:000000000000:listener/app/https/5ebf96a5fd2bba4b/d026ca047f0f81ce",
            "arn": "arn:aws:elasticloadbalancing:us-east-1:000000000000:listener/app/https/5ebf96a5fd2bba4b/d026ca047f0f81ce",
            "tags_all": {},
            "load_balancer_arn": "arn:aws:elasticloadbalancing:us-east-1:000000000000:loadbalancer/app/acme-prod-alb/7a8b416fe7fdac32",
            "mutual_authentication": [],
            "routing_http_request_x_amzn_mtls_clientcert_header_name": "",
            "routing_http_request_x_amzn_mtls_clientcert_issuer_header_name": "",
            "routing_http_request_x_amzn_mtls_clientcert_leaf_header_name": "",
            "routing_http_request_x_amzn_mtls_clientcert_serial_number_header_name": "",
            "routing_http_request_x_amzn_mtls_clientcert_subject_header_name": "",
            "routing_http_request_x_amzn_mtls_clientcert_validity_header_name": "",
            "routing_http_request_x_amzn_tls_cipher_suite_header_name": "",
            "routing_http_request_x_amzn_tls_version_header_name": "",
            "routing_http_response_access_control_allow_credentials_header_value": "",
            "routing_http_response_access_control_allow_headers_header_value": "",
            "routing_http_response_access_control_allow_methods_header_value": "",
            "routing_http_response_access_control_allow_origin_header_value": "",
            "routing_http_response_access_control_expose_headers_header_value": "",
            "routing_http_response_access_control_max_age_header_value": "",
            "routing_http_response_content_security_policy_header_value": "",
            "routing_http_response_server_enabled": false,
            "routing_http_response_strict_transport_security_header_value": "",
            "routing_http_response_x_content_type_options_header_value": "",
            "routing_http_response_x_frame_options_header_value": "",
            "tcp_idle_timeout_seconds": 0
          },
          "sensitive_attributes": []
        }
      ]
    },
    {
      "mode": "managed",
      "type": "aws_lb_target_group",
      "name": "app",
      "provider": "provider[\"registry.terraform.io/hashicorp/aws\"]",
      "instances": [
        {
          "schema_version": 0,
          "attributes": {
            "deregistration_delay": "300",
            "health_check": [
              {
                "enabled": true,
                "healthy_threshold": 3,
                "interval": 30,
                "matcher": "200",
                "path": "/healthz",
                "port": "traffic-port",
                "protocol": "HTTP",
                "unhealthy_threshold": 3
              }
            ],
            "lambda_multi_value_headers_enabled": false,
            "name": "acme-prod-app",
            "port": 8080,
            "protocol": "HTTP",
            "proxy_protocol_v2": false,
            "slow_start": 0,
            "tags": null,
            "target_type": "instance",
            "id": "arn:aws:elasticloadbalancing:us-east-1:000000000000:targetgroup/acme-prod-app/d86c92e87a84b887",
            "arn": "arn:aws:elasticloadbalancing:us-east-1:000000000000:targetgroup/acme-prod-app/d86c92e87a84b887",
            "tags_all": {},
            "vpc_id": "vpc-0ec67d780682f42d7",
            "arn_suffix": "",
            "connection_termination": false,
            "ip_address_type": "",
            "load_balancer_arns": [],
            "load_balancing_algorithm_type": "",
            "load_balancing_anomaly_mitigation": "",
            "load_balancing_cross_zone_enabled": "",
            "name_prefix": "",
            "preserve_client_ip": "",
            "protocol_version": "",
            "stickiness": [],
            "target_failover": [],
            "target_group_health": [],
            "target_health_state": []
          },
          "sensitive_attributes": []
        }
      ]
    },
    {
      "mode": "managed",
      "type": "aws_nat_gateway",
      "name": "main",
      "provider": "provider[\"registry.terraform.io/hashicorp/aws\"]",
      "instances": [
        {
          "schema_version": 0,
          "attributes": {
            "connectivity_type": "public",
            "secondary_allocation_ids": null,
            "tags": {
              "Name": "acme-prod-nat"
            },
            "tags_all": {
              "Name": "acme-prod-nat"
            },
            "timeouts": null,
            "id": "nat-04bd8b82183ca8ecc",
            "allocation_id": "eipalloc-01e4ac19a629f1b84",
            "association_id": "",
            "network_interface_id": "",
            "private_ip": "",
            "public_ip": "",
            "secondary_private_ip_address_count": 0,
            "secondary_private_ip_addresses": [],
            "subnet_id": "subnet-0b1dff032dab114d7"
          },
          "sensitive_attributes": []
        }
      ]
    },
    {
      "mode": "managed",
      "type": "aws_route_table",
      "name": "private",
      "provider": "provider[\"registry.terraform.io/hashicorp/aws\"]",
      "instances": [
        {
          "schema_version": 0,
          "attributes": {
            "route": [
              {
                "carrier_gateway_id": "",
                "cidr_block": "0.0.0.0/0",
                "core_network_arn": "",
                "destination_prefix_list_id": "",
                "egress_only_gateway_id": "",
                "gateway_id": "",
                "ipv6_cidr_block": "",
                "local_gateway_id": "",
                "nat_gateway_id": "nat-04bd8b82183ca8ecc",
                "network_interface_id": "",
                "transit_gateway_id": "",
                "vpc_endpoint_id": "",
                "vpc_peering_connection_id": ""
              }
            ],
            "tags": {
              "Name": "acme-prod-private"
            },
            "tags_all": {
              "Name": "acme-prod-private"
            },
            "timeouts": null,
            "id": "rtb-0ba7c56abd2014cb5",
            "vpc_id": "vpc-0ec67d780682f42d7",
            "owner_id": "",
            "propagating_vgws": []
          },
          "sensitive_attributes": []
        }
      ]
    },
    {
      "mode": "managed",
      "type": "aws_route_table",
      "name": "public",
      "provider": "provider[\"registry.terraform.io/hashicorp/aws\"]",
      "instances": [
        {
          "schema_version": 0,
          "attributes": {
            "route": [
              {
                "carrier_gateway_id": "",
                "cidr_block": "0.0.0.0/0",
                "core_network_arn": "",
                "destination_prefix_list_id": "",
                "egress_only_gateway_id": "",
                "gateway_id": "igw-079eb152af17cba2d",
                "ipv6_cidr_block": "",
                "local_gateway_id": "",
                "nat_gateway_id": "",
                "network_interface_id": "",
                "transit_gateway_id": "",
                "vpc_endpoint_id": "",
                "vpc_peering_connection_id": ""
              }
            ],
            "tags": {
              "Name": "acme-prod-public"
            },
            "tags_all": {
              "Name": "acme-prod-public"
            },
            "timeouts": null,
            "id": "rtb-0a0e1a2f39b272aa4",
            "vpc_id": "vpc-0ec67d780682f42d7",
            "owner_id": "",
            "propagating_vgws": []
          },
          "sensitive_attributes": []
        }
      ]
    },
    {
      "mode": "managed",
      "type": "aws_route_table_association",
      "name": "private_a",
      "provider": "provider[\"registry.terraform.io/hashicorp/aws\"]",
      "instances": [
        {
          "schema_version": 0,
          "attributes": {
            "gateway_id": null,
            "timeouts": null,
            "id": "rtbassoc-05c1f96d6b553aa8e",
            "route_table_id": "rtb-0ba7c56abd2014cb5",
            "subnet_id": "subnet-0261872bc18fc486d"
          },
          "sensitive_attributes": []
        }
      ]
    },
    {
      "mode": "managed",
      "type": "aws_route_table_association",
      "name": "private_b",
      "provider": "provider[\"registry.terraform.io/hashicorp/aws\"]",
      "instances": [
        {
          "schema_version": 0,
          "attributes": {
            "gateway_id": null,
            "timeouts": null,
            "id": "rtbassoc-09af268d9ba9918e4",
            "route_table_id": "rtb-0ba7c56abd2014cb5",
            "subnet_id": "subnet-086d5f2f5ccda55ac"
          },
          "sensitive_attributes": []
        }
      ]
    },
    {
      "mode": "managed",
      "type": "aws_route_table_association",
      "name": "public_a",
      "provider": "provider[\"registry.terraform.io/hashicorp/aws\"]",
      "instances": [
        {
          "schema_version": 0,
          "attributes": {
            "gateway_id": null,
            "timeouts": null,
            "id": "rtbassoc-0f93ba23a9978fb3a",
            "route_table_id": "rtb-0a0e1a2f39b272aa4",
            "subnet_id": "subnet-0b1dff032dab114d7"
          },
          "sensitive_attributes": []
        }
      ]
    },
    {
      "mode": "managed",
      "type": "aws_route_table_association",
      "name": "public_b",
      "provider": "provider[\"registry.terraform.io/hashicorp/aws\"]",
      "instances": [
        {
          "schema_version": 0,
          "attributes": {
            "gateway_id": null,
            "timeouts": null,
            "id": "rtbassoc-0b2610a956ace64c5",
            "route_table_id": "rtb-0a0e1a2f39b272aa4",
            "subnet_id": "subnet-0981a8048da6b928d"
          },
          "sensitive_attributes": []
        }
      ]
    },
    {
      "mode": "managed",
      "type": "aws_s3_bucket",
      "name": "artifacts",
      "provider": "provider[\"registry.terraform.io/hashicorp/aws\"]",
      "instances": [
        {
          "schema_version": 0,
          "attributes": {
            "bucket": "acme-prod-artifacts",
            "force_destroy": false,
            "tags": {
              "Name": "acme-prod-artifacts",
              "Retention": "ephemeral"
            },
            "tags_all": {
              "Name": "acme-prod-artifacts",
              "Retention": "ephemeral"
            },
            "timeouts": null,
            "id": "acme-prod-artifacts",
            "arn": "arn:aws:s3:::acme-prod-artifacts"
          },
          "sensitive_attributes": []
        }
      ]
    },
    {
      "mode": "managed",
      "type": "aws_s3_bucket",
      "name": "data",
      "provider": "provider[\"registry.terraform.io/hashicorp/aws\"]",
      "instances": [
        {
          "schema_version": 0,
          "attributes": {
            "bucket": "acme-prod-data",
            "force_destroy": false,
            "tags": {
              "Name": "acme-prod-data"
            },
            "tags_all": {
              "Name": "acme-prod-data"
            },
            "timeouts": null,
            "id": "acme-prod-data",
            "arn": "arn:aws:s3:::acme-prod-data"
          },
          "sensitive_attributes": []
        }
      ]
    },
    {
      "mode": "managed",
      "type": "aws_s3_bucket",
      "name": "static_site",
      "provider": "provider[\"registry.terraform.io/hashicorp/aws\"]",
      "instances": [
        {
          "schema_version": 0,
          "attributes": {
            "bucket": "acme-prod-static-site",
            "force_destroy": false,
            "tags": {
              "Name": "acme-prod-static-site",
              "Public": "intentional",
              "Purpose": "marketing site assets, no customer data"
            },
            "tags_all": {
              "Name": "acme-prod-static-site",
              "Public": "intentional",
              "Purpose": "marketing site assets, no customer data"
            },
            "timeouts": null,
            "id": "acme-prod-static-site",
            "arn": "arn:aws:s3:::acme-prod-static-site"
          },
          "sensitive_attributes": []
        }
      ]
    },
    {
      "mode": "managed",
      "type": "aws_s3_bucket_lifecycle_configuration",
      "name": "artifacts",
      "provider": "provider[\"registry.terraform.io/hashicorp/aws\"]",
      "instances": [
        {
          "schema_version": 1,
          "attributes": {
            "rule": [
              {
                "abort_incomplete_multipart_upload": [],
                "expiration": [
                  {
                    "date": null,
                    "days": 7,
                    "expired_object_delete_marker": false
                  }
                ],
                "filter": [
                  {
                    "and": [],
                    "object_size_greater_than": null,
                    "object_size_less_than": null,
                    "prefix": "",
                    "tag": []
                  }
                ],
                "id": "expire",
                "noncurrent_version_expiration": [],
                "noncurrent_version_transition": [],
                "prefix": "",
                "status": "Enabled",
                "transition": []
              }
            ],
            "timeouts": null,
            "transition_default_minimum_object_size": "all_storage_classes_128K",
            "id": "artifacts",
            "bucket": "acme-prod-artifacts",
            "expected_bucket_owner": ""
          },
          "sensitive_attributes": []
        }
      ]
    },
    {
      "mode": "managed",
      "type": "aws_s3_bucket_versioning",
      "name": "data",
      "provider": "provider[\"registry.terraform.io/hashicorp/aws\"]",
      "instances": [
        {
          "schema_version": 0,
          "attributes": {
            "expected_bucket_owner": null,
            "mfa": null,
            "versioning_configuration": [
              {
                "status": "Enabled"
              }
            ],
            "id": "data",
            "bucket": "acme-prod-data"
          },
          "sensitive_attributes": []
        }
      ]
    },
    {
      "mode": "managed",
      "type": "aws_security_group",
      "name": "alb",
      "provider": "provider[\"registry.terraform.io/hashicorp/aws\"]",
      "instances": [
        {
          "schema_version": 1,
          "attributes": {
            "description": "Public entry point for the service",
            "egress": [
              {
                "cidr_blocks": [
                  "0.0.0.0/0"
                ],
                "description": "",
                "from_port": 0,
                "ipv6_cidr_blocks": [],
                "prefix_list_ids": [],
                "protocol": "-1",
                "security_groups": [],
                "self": false,
                "to_port": 0
              }
            ],
            "ingress": [
              {
                "cidr_blocks": [
                  "0.0.0.0/0"
                ],
                "description": "HTTPS from the internet",
                "from_port": 443,
                "ipv6_cidr_blocks": [],
                "prefix_list_ids": [],
                "protocol": "tcp",
                "security_groups": [],
                "self": false,
                "to_port": 443
              }
            ],
            "name": "acme-prod-alb",
            "revoke_rules_on_delete": false,
            "tags": {
              "Name": "acme-prod-alb"
            },
            "tags_all": {
              "Name": "acme-prod-alb"
            },
            "timeouts": null,
            "id": "sg-01d5b59135d60c2bc",
            "arn": "arn:aws:ec2:us-east-1:000000000000:security-group/sg-01d5b59135d60c2bc",
            "vpc_id": "vpc-0ec67d780682f42d7",
            "name_prefix": "",
            "owner_id": ""
          },
          "sensitive_attributes": []
        }
      ]
    },
    {
      "mode": "managed",
      "type": "aws_security_group",
      "name": "app",
      "provider": "provider[\"registry.terraform.io/hashicorp/aws\"]",
      "instances": [
        {
          "schema_version": 1,
          "attributes": {
            "description": "Application instances",
            "egress": [
              {
                "cidr_blocks": [
                  "0.0.0.0/0"
                ],
                "description": "",
                "from_port": 0,
                "ipv6_cidr_blocks": [],
                "prefix_list_ids": [],
                "protocol": "-1",
                "security_groups": [],
                "self": false,
                "to_port": 0
              }
            ],
            "ingress": [
              {
                "cidr_blocks": [],
                "description": "Application traffic from the load balancer only",
                "from_port": 8080,
                "ipv6_cidr_blocks": [],
                "prefix_list_ids": [],
                "protocol": "tcp",
                "security_groups": [
                  "sg-01d5b59135d60c2bc"
                ],
                "self": false,
                "to_port": 8080
              }
            ],
            "name": "acme-prod-app",
            "revoke_rules_on_delete": false,
            "tags": {
              "Name": "acme-prod-app"
            },
            "tags_all": {
              "Name": "acme-prod-app"
            },
            "timeouts": null,
            "id": "sg-0f4e14e106d7ef990",
            "arn": "arn:aws:ec2:us-east-1:000000000000:security-group/sg-0f4e14e106d7ef990",
            "vpc_id": "vpc-0ec67d780682f42d7",
            "name_prefix": "",
            "owner_id": ""
          },
          "sensitive_attributes": []
        }
      ]
    },
    {
      "mode": "managed",
      "type": "aws_security_group",
      "name": "db",
      "provider": "provider[\"registry.terraform.io/hashicorp/aws\"]",
      "instances": [
        {
          "schema_version": 1,
          "attributes": {
            "description": "Database, reachable from the application tier only",
            "ingress": [
              {
                "cidr_blocks": [],
                "description": "Postgres from the application tier",
                "from_port": 5432,
                "ipv6_cidr_blocks": [],
                "prefix_list_ids": [],
                "protocol": "tcp",
                "security_groups": [
                  "sg-0f4e14e106d7ef990"
                ],
                "self": false,
                "to_port": 5432
              }
            ],
            "name": "acme-prod-db",
            "revoke_rules_on_delete": false,
            "tags": {
              "Name": "acme-prod-db"
            },
            "tags_all": {
              "Name": "acme-prod-db"
            },
            "timeouts": null,
            "id": "sg-05dff8a3790b9c8bd",
            "arn": "arn:aws:ec2:us-east-1:000000000000:security-group/sg-05dff8a3790b9c8bd",
            "vpc_id": "vpc-0ec67d780682f42d7",
            "egress": [],
            "name_prefix": "",
            "owner_id": ""
          },
          "sensitive_attributes": []
        }
      ]
    },
    {
      "mode": "managed",
      "type": "aws_subnet",
      "name": "private_a",
      "provider": "provider[\"registry.terraform.io/hashicorp/aws\"]",
      "instances": [
        {
          "schema_version": 1,
          "attributes": {
            "assign_ipv6_address_on_creation": false,
            "availability_zone": "us-east-1a",
            "cidr_block": "10.0.10.0/24",
            "customer_owned_ipv4_pool": null,
            "enable_dns64": false,
            "enable_lni_at_device_index": null,
            "enable_resource_name_dns_a_record_on_launch": false,
            "enable_resource_name_dns_aaaa_record_on_launch": false,
            "ipv6_cidr_block": null,
            "ipv6_native": false,
            "map_customer_owned_ip_on_launch": null,
            "map_public_ip_on_launch": false,
            "outpost_arn": null,
            "tags": {
              "Name": "acme-prod-private-a",
              "Tier": "private"
            },
            "tags_all": {
              "Name": "acme-prod-private-a",
              "Tier": "private"
            },
            "timeouts": null,
            "id": "subnet-0261872bc18fc486d",
            "arn": "arn:aws:ec2:us-east-1:000000000000:subnet/subnet-0261872bc18fc486d",
            "vpc_id": "vpc-0ec67d780682f42d7",
            "availability_zone_id": "",
            "ipv6_cidr_block_association_id": "",
            "owner_id": "",
            "private_dns_hostname_type_on_launch": ""
          },
          "sensitive_attributes": []
        }
      ]
    },
    {
      "mode": "managed",
      "type": "aws_subnet",
      "name": "private_b",
      "provider": "provider[\"registry.terraform.io/hashicorp/aws\"]",
      "instances": [
        {
          "schema_version": 1,
          "attributes": {
            "assign_ipv6_address_on_creation": false,
            "availability_zone": "us-east-1b",
            "cidr_block": "10.0.11.0/24",
            "customer_owned_ipv4_pool": null,
            "enable_dns64": false,
            "enable_lni_at_device_index": null,
            "enable_resource_name_dns_a_record_on_launch": false,
            "enable_resource_name_dns_aaaa_record_on_launch": false,
            "ipv6_cidr_block": null,
            "ipv6_native": false,
            "map_customer_owned_ip_on_launch": null,
            "map_public_ip_on_launch": false,
            "outpost_arn": null,
            "tags": {
              "Name": "acme-prod-private-b",
              "Tier": "private"
            },
            "tags_all": {
              "Name": "acme-prod-private-b",
              "Tier": "private"
            },
            "timeouts": null,
            "id": "subnet-086d5f2f5ccda55ac",
            "arn": "arn:aws:ec2:us-east-1:000000000000:subnet/subnet-086d5f2f5ccda55ac",
            "vpc_id": "vpc-0ec67d780682f42d7",
            "availability_zone_id": "",
            "ipv6_cidr_block_association_id": "",
            "owner_id": "",
            "private_dns_hostname_type_on_launch": ""
          },
          "sensitive_attributes": []
        }
      ]
    },
    {
      "mode": "managed",
      "type": "aws_subnet",
      "name": "public_a",
      "provider": "provider[\"registry.terraform.io/hashicorp/aws\"]",
      "instances": [
        {
          "schema_version": 1,
          "attributes": {
            "assign_ipv6_address_on_creation": false,
            "availability_zone": "us-east-1a",
            "cidr_block": "10.0.0.0/24",
            "customer_owned_ipv4_pool": null,
            "enable_dns64": false,
            "enable_lni_at_device_index": null,
            "enable_resource_name_dns_a_record_on_launch": false,
            "enable_resource_name_dns_aaaa_record_on_launch": false,
            "ipv6_cidr_block": null,
            "ipv6_native": false,
            "map_customer_owned_ip_on_launch": null,
            "map_public_ip_on_launch": false,
            "outpost_arn": null,
            "tags": {
              "Name": "acme-prod-public-a",
              "Tier": "public"
            },
            "tags_all": {
              "Name": "acme-prod-public-a",
              "Tier": "public"
            },
            "timeouts": null,
            "id": "subnet-0b1dff032dab114d7",
            "arn": "arn:aws:ec2:us-east-1:000000000000:subnet/subnet-0b1dff032dab114d7",
            "vpc_id": "vpc-0ec67d780682f42d7",
            "availability_zone_id": "",
            "ipv6_cidr_block_association_id": "",
            "owner_id": "",
            "private_dns_hostname_type_on_launch": ""
          },
          "sensitive_attributes": []
        }
      ]
    },
    {
      "mode": "managed",
      "type": "aws_subnet",
      "name": "public_b",
      "provider": "provider[\"registry.terraform.io/hashicorp/aws\"]",
      "instances": [
        {
          "schema_version": 1,
          "attributes": {
            "assign_ipv6_address_on_creation": false,
            "availability_zone": "us-east-1b",
            "cidr_block": "10.0.1.0/24",
            "customer_owned_ipv4_pool": null,
            "enable_dns64": false,
            "enable_lni_at_device_index": null,
            "enable_resource_name_dns_a_record_on_launch": false,
            "enable_resource_name_dns_aaaa_record_on_launch": false,
            "ipv6_cidr_block": null,
            "ipv6_native": false,
            "map_customer_owned_ip_on_launch": null,
            "map_public_ip_on_launch": false,
            "outpost_arn": null,
            "tags": {
              "Name": "acme-prod-public-b",
              "Tier": "public"
            },
            "tags_all": {
              "Name": "acme-prod-public-b",
              "Tier": "public"
            },
            "timeouts": null,
            "id": "subnet-0981a8048da6b928d",
            "arn": "arn:aws:ec2:us-east-1:000000000000:subnet/subnet-0981a8048da6b928d",
            "vpc_id": "vpc-0ec67d780682f42d7",
            "availability_zone_id": "",
            "ipv6_cidr_block_association_id": "",
            "owner_id": "",
            "private_dns_hostname_type_on_launch": ""
          },
          "sensitive_attributes": []
        }
      ]
    },
    {
      "mode": "managed",
      "type": "aws_vpc",
      "name": "main",
      "provider": "provider[\"registry.terraform.io/hashicorp/aws\"]",
      "instances": [
        {
          "schema_version": 1,
          "attributes": {
            "assign_generated_ipv6_cidr_block": null,
            "cidr_block": "10.0.0.0/16",
            "enable_dns_hostnames": true,
            "enable_dns_support": true,
            "instance_tenancy": "default",
            "ipv4_ipam_pool_id": null,
            "ipv4_netmask_length": null,
            "ipv6_ipam_pool_id": null,
            "ipv6_netmask_length": null,
            "tags": {
              "Name": "acme-prod-vpc"
            },
            "tags_all": {
              "Name": "acme-prod-vpc"
            },
            "id": "vpc-0ec67d780682f42d7",
            "arn": "arn:aws:ec2:us-east-1:000000000000:vpc/vpc-0ec67d780682f42d7"
          },
          "sensitive_attributes": []
        }
      ]
    }
  ],
  "check_results": null
}